
Microsoft Visual Studio Solution File, Format Version 11.00
# Visual Studio 2010
Project("{FAE04EC0-301F-11D3-BF4B-00C04F79EFBC}") = "U9.VOB.Cus.HBHTianRiSheng.BEPlugIn", "U9.VOB.Cus.HBHTianRiSheng.BEPlugIn.csproj", "{0661E9C7-0630-4709-A436-FD5593B22E84}"
EndProject
Project("{FAE04EC0-301F-11D3-BF4B-00C04F79EFBC}") = "U9.VOB.Cus.HBHTianRiSheng.BEPlugIn.Test", "..\U9.VOB.Cus.HBHTianRiSheng.BEPlugIn.Test\U9.VOB.Cus.HBHTianRiSheng.BEPlugIn.Test.csproj", "{ED6AF795-3211-477A-AC0B-27F7F8252036}"
EndProject
Global
	GlobalSection(SolutionConfigurationPlatforms) = preSolution
		Debug|Any CPU = Debug|Any CPU
		Debug|Mixed Platforms = Debug|Mixed Platforms
		Debug|x86 = Debug|x86
		Release|Any CPU = Release|Any CPU
		Release|Mixed Platforms = Release|Mixed Platforms
		Release|x86 = Release|x86
	EndGlobalSection
	GlobalSection(ProjectConfigurationPlatforms) = postSolution
		{0661E9C7-0630-4709-A436-FD5593B22E84}.Debug|Any CPU.ActiveCfg = Debug|Any CPU
		{0661E9C7-0630-4709-A436-FD5593B22E84}.Debug|Any CPU.Build.0 = Debug|Any CPU
		{0661E9C7-0630-4709-A436-FD5593B22E84}.Debug|Mixed Platforms.ActiveCfg = Debug|Any CPU
		{0661E9C7-0630-4709-A436-FD5593B22E84}.Debug|Mixed Platforms.Build.0 = Debug|Any CPU
		{0661E9C7-0630-4709-A436-FD5593B22E84}.Debug|x86.ActiveCfg = Debug|Any CPU
		{0661E9C7-0630-4709-A436-FD5593B22E84}.Release|Any CPU.ActiveCfg = Release|Any CPU
		{0661E9C7-0630-4709-A436-FD5593B22E84}.Release|Any CPU.Build.0 = Release|Any CPU
		{0661E9C7-0630-4709-A436-FD5593B22E84}.Release|Mixed Platforms.ActiveCfg = Release|Any CPU
		{0661E9C7-0630-4709-A436-FD5593B22E84}.Release|Mixed Platforms.Build.0 = Release|Any CPU
		{0661E9C7-0630-4709-A436-FD5593B22E84}.Release|x86.ActiveCfg = Release|Any CPU
		{ED6AF795-3211-477A-AC0B-27F7F8252036}.Debug|Any CPU.ActiveCfg = Debug|x86
		{ED6AF795-3211-477A-AC0B-27F7F8252036}.Debug|Mixed Platforms.ActiveCfg = Debug|x86
		{ED6AF795-3211-477A-AC0B-27F7F8252036}.Debug|Mixed Platforms.Build.0 = Debug|x86
		{ED6AF795-3211-477A-AC0B-27F7F8252036}.Debug|x86.ActiveCfg = Debug|x86
		{ED6AF795-3211-477A-AC0B-27F7F8252036}.Debug|x86.Build.0 = Debug|x86
		{ED6AF795-3211-477A-AC0B-27F7F8252036}.Release|Any CPU.ActiveCfg = Release|x86
		{ED6AF795-3211-477A-AC0B-27F7F8252036}.Release|Mixed Platforms.ActiveCfg = Release|x86
		{ED6AF795-3211-477A-AC0B-27F7F8252036}.Release|Mixed Platforms.Build.0 = Release|x86
		{ED6AF795-3211-477A-AC0B-27F7F8252036}.Release|x86.ActiveCfg = Release|x86
		{ED6AF795-3211-477A-AC0B-27F7F8252036}.Release|x86.Build.0 = Release|x86
	EndGlobalSection
	GlobalSection(SolutionProperties) = preSolution
		HideSolutionNode = FALSE
	EndGlobalSection
EndGlobal
