
Microsoft Visual Studio Solution File, Format Version 11.00
# Visual Studio 2010
Project("{FAE04EC0-301F-11D3-BF4B-00C04F79EFBC}") = "U9.VOB.Cus.HBHTianRiSheng.UIPlugin", "U9.VOB.Cus.HBHTianRiSheng.UIPlugin.csproj", "{AE1D431C-0C23-4B14-A3BE-A251BAC69FED}"
EndProject
Global
	GlobalSection(SolutionConfigurationPlatforms) = preSolution
		Debug|Any CPU = Debug|Any CPU
		Release|Any CPU = Release|Any CPU
	EndGlobalSection
	GlobalSection(ProjectConfigurationPlatforms) = postSolution
		{AE1D431C-0C23-4B14-A3BE-A251BAC69FED}.Debug|Any CPU.ActiveCfg = Debug|Any CPU
		{AE1D431C-0C23-4B14-A3BE-A251BAC69FED}.Debug|Any CPU.Build.0 = Debug|Any CPU
		{AE1D431C-0C23-4B14-A3BE-A251BAC69FED}.Release|Any CPU.ActiveCfg = Release|Any CPU
		{AE1D431C-0C23-4B14-A3BE-A251BAC69FED}.Release|Any CPU.Build.0 = Release|Any CPU
	EndGlobalSection
	GlobalSection(SolutionProperties) = preSolution
		HideSolutionNode = FALSE
	EndGlobalSection
EndGlobal
